
Microsoft Visual Studio Solution File, Format Version 12.00
# Visual Studio Version 17
VisualStudioVersion = 17.7.34031.279
MinimumVisualStudioVersion = 10.0.40219.1
Project("{FAE04EC0-301F-11D3-BF4B-00C04F79EFBC}") = "gestion_stock", "gestion_stock\gestion_stock.csproj", "{1A16C7BF-765A-46C9-9A84-EF7D875FA3AB}"
EndProject
Global
	GlobalSection(SolutionConfigurationPlatforms) = preSolution
		Debug|Any CPU = Debug|Any CPU
		Release|Any CPU = Release|Any CPU
	EndGlobalSection
	GlobalSection(ProjectConfigurationPlatforms) = postSolution
		{1A16C7BF-765A-46C9-9A84-EF7D875FA3AB}.Debug|Any CPU.ActiveCfg = Debug|Any CPU
		{1A16C7BF-765A-46C9-9A84-EF7D875FA3AB}.Debug|Any CPU.Build.0 = Debug|Any CPU
		{1A16C7BF-765A-46C9-9A84-EF7D875FA3AB}.Release|Any CPU.ActiveCfg = Release|Any CPU
		{1A16C7BF-765A-46C9-9A84-EF7D875FA3AB}.Release|Any CPU.Build.0 = Release|Any CPU
	EndGlobalSection
	GlobalSection(SolutionProperties) = preSolution
		HideSolutionNode = FALSE
	EndGlobalSection
	GlobalSection(ExtensibilityGlobals) = postSolution
		SolutionGuid = {0F195812-0B12-43BE-A1FB-90A5C2CCA9B7}
	EndGlobalSection
EndGlobal
